version: 2.0
shards:
  omegga-cr:
    git: https://github.com/voximity/omegga-cr.git
    version: 0.1.0+git.commit.7ff433f877971d339d1ac878d8103ea7ad33802e

  open-simplex-noise:
    git: https://github.com/j8r/crystal-open-simplex-noise.git
    version: 1.1.0

  stumpy_core:
    git: https://github.com/stumpycr/stumpy_core.git
    version: 1.9.1

  stumpy_png:
    git: https://github.com/stumpycr/stumpy_png.git
    version: 5.0.1

